
Microsoft Visual Studio Solution File, Format Version 12.00
# Visual Studio Version 16
VisualStudioVersion = 16.0.31019.35
MinimumVisualStudioVersion = 10.0.40219.1
Project("{FAE04EC0-301F-11D3-BF4B-00C04F79EFBC}") = "DefaultApp", "DefaultApp\DefaultApp.csproj", "{92B0DF1F-F599-4B4C-8A24-59CDD255FBB3}"
EndProject
Global
	GlobalSection(SolutionConfigurationPlatforms) = preSolution
		Debug|Any CPU = Debug|Any CPU
		Release|Any CPU = Release|Any CPU
	EndGlobalSection
	GlobalSection(ProjectConfigurationPlatforms) = postSolution
		{92B0DF1F-F599-4B4C-8A24-59CDD255FBB3}.Debug|Any CPU.ActiveCfg = Debug|Any CPU
		{92B0DF1F-F599-4B4C-8A24-59CDD255FBB3}.Debug|Any CPU.Build.0 = Debug|Any CPU
		{92B0DF1F-F599-4B4C-8A24-59CDD255FBB3}.Release|Any CPU.ActiveCfg = Release|Any CPU
		{92B0DF1F-F599-4B4C-8A24-59CDD255FBB3}.Release|Any CPU.Build.0 = Release|Any CPU
	EndGlobalSection
	GlobalSection(SolutionProperties) = preSolution
		HideSolutionNode = FALSE
	EndGlobalSection
	GlobalSection(ExtensibilityGlobals) = postSolution
		SolutionGuid = {A62AEFA8-41CE-432C-A243-FA8417DFB227}
	EndGlobalSection
EndGlobal
